
Microsoft Visual Studio Solution File, Format Version 12.00
# Visual Studio Version 17
VisualStudioVersion = 17.11.35222.181
MinimumVisualStudioVersion = 10.0.40219.1
Project("{FAE04EC0-301F-11D3-BF4B-00C04F79EFBC}") = "training_repo", "training_repo\training_repo.csproj", "{F4148629-197E-4622-BCD4-FBD6B4620FDF}"
EndProject
Global
	GlobalSection(SolutionConfigurationPlatforms) = preSolution
		Debug|Any CPU = Debug|Any CPU
		Release|Any CPU = Release|Any CPU
	EndGlobalSection
	GlobalSection(ProjectConfigurationPlatforms) = postSolution
		{F4148629-197E-4622-BCD4-FBD6B4620FDF}.Debug|Any CPU.ActiveCfg = Debug|Any CPU
		{F4148629-197E-4622-BCD4-FBD6B4620FDF}.Debug|Any CPU.Build.0 = Debug|Any CPU
		{F4148629-197E-4622-BCD4-FBD6B4620FDF}.Release|Any CPU.ActiveCfg = Release|Any CPU
		{F4148629-197E-4622-BCD4-FBD6B4620FDF}.Release|Any CPU.Build.0 = Release|Any CPU
	EndGlobalSection
	GlobalSection(SolutionProperties) = preSolution
		HideSolutionNode = FALSE
	EndGlobalSection
	GlobalSection(ExtensibilityGlobals) = postSolution
		SolutionGuid = {6824473D-1741-4A32-9977-6BDF8C73CEC3}
	EndGlobalSection
EndGlobal
